// !$*UTF8*$!
{
	archiveVersion = 1;
	classes = {
	};
	objectVersion = 56;
	objects = {

/* Begin PBXBuildFile section */
		9B135D172A04132300A86336 /* CodeNodeApp.swift in Sources */ = {isa = PBXBuildFile; fileRef = 9B135D162A04132300A86336 /* CodeNodeApp.swift */; };
		9B135D1B2A04132400A86336 /* Assets.xcassets in Resources */ = {isa = PBXBuildFile; fileRef = 9B135D1A2A04132400A86336 /* Assets.xcassets */; };
		9B135D1E2A04132400A86336 /* Preview Assets.xcassets in Resources */ = {isa = PBXBuildFile; fileRef = 9B135D1D2A04132400A86336 /* Preview Assets.xcassets */; };
		9B135D2A2A04148900A86336 /* Paser.swift in Sources */ = {isa = PBXBuildFile; fileRef = 9B135D292A04148900A86336 /* Paser.swift */; };
		9B135D2C2A0414BB00A86336 /* Node.swift in Sources */ = {isa = PBXBuildFile; fileRef = 9B135D2B2A0414BB00A86336 /* Node.swift */; };
		9B135D302A041B6300A86336 /* NodeView.swift in Sources */ = {isa = PBXBuildFile; fileRef = 9B135D2F2A041B6300A86336 /* NodeView.swift */; };
		9B135D322A0422DE00A86336 /* NodeManager.swift in Sources */ = {isa = PBXBuildFile; fileRef = 9B135D312A0422DE00A86336 /* NodeManager.swift */; };
		9B135D342A04C5C300A86336 /* MainView.swift in Sources */ = {isa = PBXBuildFile; fileRef = 9B135D332A04C5C300A86336 /* MainView.swift */; };
		9B135D362A04CEF300A86336 /* GraphView.swift in Sources */ = {isa = PBXBuildFile; fileRef = 9B135D352A04CEF300A86336 /* GraphView.swift */; };
		9B16D0DC2A0D1A960091C5B6 /* FileCenter.swift in Sources */ = {isa = PBXBuildFile; fileRef = 9B16D0DB2A0D1A960091C5B6 /* FileCenter.swift */; };
		9B16D0FC2A130DC20091C5B6 /* SelectionHandler.swift in Sources */ = {isa = PBXBuildFile; fileRef = 9B16D0FB2A130DC20091C5B6 /* SelectionHandler.swift */; };
/* End PBXBuildFile section */

/* Begin PBXFileReference section */
		9B135D132A04132300A86336 /* CodeNode.app */ = {isa = PBXFileReference; explicitFileType = wrapper.application; includeInIndex = 0; path = CodeNode.app; sourceTree = BUILT_PRODUCTS_DIR; };
		9B135D162A04132300A86336 /* CodeNodeApp.swift */ = {isa = PBXFileReference; lastKnownFileType = sourcecode.swift; path = CodeNodeApp.swift; sourceTree = "<group>"; };
		9B135D1A2A04132400A86336 /* Assets.xcassets */ = {isa = PBXFileReference; lastKnownFileType = folder.assetcatalog; path = Assets.xcassets; sourceTree = "<group>"; };
		9B135D1D2A04132400A86336 /* Preview Assets.xcassets */ = {isa = PBXFileReference; lastKnownFileType = folder.assetcatalog; path = "Preview Assets.xcassets"; sourceTree = "<group>"; };
		9B135D1F2A04132400A86336 /* CodeNode.entitlements */ = {isa = PBXFileReference; lastKnownFileType = text.plist.entitlements; path = CodeNode.entitlements; sourceTree = "<group>"; };
		9B135D292A04148900A86336 /* Paser.swift */ = {isa = PBXFileReference; lastKnownFileType = sourcecode.swift; path = Paser.swift; sourceTree = "<group>"; };
		9B135D2B2A0414BB00A86336 /* Node.swift */ = {isa = PBXFileReference; lastKnownFileType = sourcecode.swift; path = Node.swift; sourceTree = "<group>"; };
		9B135D2F2A041B6300A86336 /* NodeView.swift */ = {isa = PBXFileReference; lastKnownFileType = sourcecode.swift; path = NodeView.swift; sourceTree = "<group>"; };
		9B135D312A0422DE00A86336 /* NodeManager.swift */ = {isa = PBXFileReference; lastKnownFileType = sourcecode.swift; path = NodeManager.swift; sourceTree = "<group>"; };
		9B135D332A04C5C300A86336 /* MainView.swift */ = {isa = PBXFileReference; lastKnownFileType = sourcecode.swift; path = MainView.swift; sourceTree = "<group>"; };
		9B135D352A04CEF300A86336 /* GraphView.swift */ = {isa = PBXFileReference; lastKnownFileType = sourcecode.swift; path = GraphView.swift; sourceTree = "<group>"; };
		9B16D0DB2A0D1A960091C5B6 /* FileCenter.swift */ = {isa = PBXFileReference; lastKnownFileType = sourcecode.swift; path = FileCenter.swift; sourceTree = "<group>"; };
		9B16D0FB2A130DC20091C5B6 /* SelectionHandler.swift */ = {isa = PBXFileReference; lastKnownFileType = sourcecode.swift; path = SelectionHandler.swift; sourceTree = "<group>"; };
/* End PBXFileReference section */

/* Begin PBXFrameworksBuildPhase section */
		9B135D102A04132300A86336 /* Frameworks */ = {
			isa = PBXFrameworksBuildPhase;
			buildActionMask = 2147483647;
			files = (
			);
			runOnlyForDeploymentPostprocessing = 0;
		};
/* End PBXFrameworksBuildPhase section */

/* Begin PBXGroup section */
		9B135D0A2A04132300A86336 = {
			isa = PBXGroup;
			children = (
				9B135D152A04132300A86336 /* CodeNode */,
				9B135D142A04132300A86336 /* Products */,
			);
			sourceTree = "<group>";
		};
		9B135D142A04132300A86336 /* Products */ = {
			isa = PBXGroup;
			children = (
				9B135D132A04132300A86336 /* CodeNode.app */,
			);
			name = Products;
			sourceTree = "<group>";
		};
		9B135D152A04132300A86336 /* CodeNode */ = {
			isa = PBXGroup;
			children = (
				9B16D0DB2A0D1A960091C5B6 /* FileCenter.swift */,
				9B135D292A04148900A86336 /* Paser.swift */,
				9B135D2B2A0414BB00A86336 /* Node.swift */,
				9B135D2F2A041B6300A86336 /* NodeView.swift */,
				9B16D0FB2A130DC20091C5B6 /* SelectionHandler.swift */,
				9B135D312A0422DE00A86336 /* NodeManager.swift */,
				9B135D352A04CEF300A86336 /* GraphView.swift */,
				9B135D332A04C5C300A86336 /* MainView.swift */,
				9B135D162A04132300A86336 /* CodeNodeApp.swift */,
				9B135D1A2A04132400A86336 /* Assets.xcassets */,
				9B135D1F2A04132400A86336 /* CodeNode.entitlements */,
				9B135D1C2A04132400A86336 /* Preview Content */,
			);
			path = CodeNode;
			sourceTree = "<group>";
		};
		9B135D1C2A04132400A86336 /* Preview Content */ = {
			isa = PBXGroup;
			children = (
				9B135D1D2A04132400A86336 /* Preview Assets.xcassets */,
			);
			path = "Preview Content";
			sourceTree = "<group>";
		};
/* End PBXGroup section */

/* Begin PBXNativeTarget section */
		9B135D122A04132300A86336 /* CodeNode */ = {
			isa = PBXNativeTarget;
			buildConfigurationList = 9B135D222A04132400A86336 /* Build configuration list for PBXNativeTarget "CodeNode" */;
			buildPhases = (
				9B135D0F2A04132300A86336 /* Sources */,
				9B135D102A04132300A86336 /* Frameworks */,
				9B135D112A04132300A86336 /* Resources */,
			);
			buildRules = (
			);
			dependencies = (
			);
			name = CodeNode;
			productName = CodeNode;
			productReference = 9B135D132A04132300A86336 /* CodeNode.app */;
			productType = "com.apple.product-type.application";
		};
/* End PBXNativeTarget section */

/* Begin PBXProject section */
		9B135D0B2A04132300A86336 /* Project object */ = {
			isa = PBXProject;
			attributes = {
				BuildIndependentTargetsInParallel = 1;
				LastSwiftUpdateCheck = 1400;
				LastUpgradeCheck = 1400;
				TargetAttributes = {
					9B135D122A04132300A86336 = {
						CreatedOnToolsVersion = 14.0;
					};
				};
			};
			buildConfigurationList = 9B135D0E2A04132300A86336 /* Build configuration list for PBXProject "CodeNode" */;
			compatibilityVersion = "Xcode 14.0";
			developmentRegion = en;
			hasScannedForEncodings = 0;
			knownRegions = (
				en,
				Base,
			);
			mainGroup = 9B135D0A2A04132300A86336;
			productRefGroup = 9B135D142A04132300A86336 /* Products */;
			projectDirPath = "";
			projectRoot = "";
			targets = (
				9B135D122A04132300A86336 /* CodeNode */,
			);
		};
/* End PBXProject section */

/* Begin PBXResourcesBuildPhase section */
		9B135D112A04132300A86336 /* Resources */ = {
			isa = PBXResourcesBuildPhase;
			buildActionMask = 2147483647;
			files = (
				9B135D1E2A04132400A86336 /* Preview Assets.xcassets in Resources */,
				9B135D1B2A04132400A86336 /* Assets.xcassets in Resources */,
			);
			runOnlyForDeploymentPostprocessing = 0;
		};
/* End PBXResourcesBuildPhase section */

/* Begin PBXSourcesBuildPhase section */
		9B135D0F2A04132300A86336 /* Sources */ = {
			isa = PBXSourcesBuildPhase;
			buildActionMask = 2147483647;
			files = (
				9B135D2A2A04148900A86336 /* Paser.swift in Sources */,
				9B135D342A04C5C300A86336 /* MainView.swift in Sources */,
				9B135D362A04CEF300A86336 /* GraphView.swift in Sources */,
				9B135D2C2A0414BB00A86336 /* Node.swift in Sources */,
				9B16D0FC2A130DC20091C5B6 /* SelectionHandler.swift in Sources */,
				9B16D0DC2A0D1A960091C5B6 /* FileCenter.swift in Sources */,
				9B135D172A04132300A86336 /* CodeNodeApp.swift in Sources */,
				9B135D302A041B6300A86336 /* NodeView.swift in Sources */,
				9B135D322A0422DE00A86336 /* NodeManager.swift in Sources */,
			);
			runOnlyForDeploymentPostprocessing = 0;
		};
/* End PBXSourcesBuildPhase section */

/* Begin XCBuildConfiguration section */
		9B135D202A04132400A86336 /* Debug */ = {
			isa = XCBuildConfiguration;
			buildSettings = {
				ALWAYS_SEARCH_USER_PATHS = NO;
				CLANG_ANALYZER_NONNULL = YES;
				CLANG_ANALYZER_NUMBER_OBJECT_CONVERSION = YES_AGGRESSIVE;
				CLANG_CXX_LANGUAGE_STANDARD = "gnu++20";
				CLANG_ENABLE_MODULES = YES;
				CLANG_ENABLE_OBJC_ARC = YES;
				CLANG_ENABLE_OBJC_WEAK = YES;
				CLANG_WARN_BLOCK_CAPTURE_AUTORELEASING = YES;
				CLANG_WARN_BOOL_CONVERSION = YES;
				CLANG_WARN_COMMA = YES;
				CLANG_WARN_CONSTANT_CONVERSION = YES;
				CLANG_WARN_DEPRECATED_OBJC_IMPLEMENTATIONS = YES;
				CLANG_WARN_DIRECT_OBJC_ISA_USAGE = YES_ERROR;
				CLANG_WARN_DOCUMENTATION_COMMENTS = YES;
				CLANG_WARN_EMPTY_BODY = YES;
				CLANG_WARN_ENUM_CONVERSION = YES;
				CLANG_WARN_INFINITE_RECURSION = YES;
				CLANG_WARN_INT_CONVERSION = YES;
				CLANG_WARN_NON_LITERAL_NULL_CONVERSION = YES;
				CLANG_WARN_OBJC_IMPLICIT_RETAIN_SELF = YES;
				CLANG_WARN_OBJC_LITERAL_CONVERSION = YES;
				CLANG_WARN_OBJC_ROOT_CLASS = YES_ERROR;
				CLANG_WARN_QUOTED_INCLUDE_IN_FRAMEWORK_HEADER = YES;
				CLANG_WARN_RANGE_LOOP_ANALYSIS = YES;
				CLANG_WARN_STRICT_PROTOTYPES = YES;
				CLANG_WARN_SUSPICIOUS_MOVE = YES;
				CLANG_WARN_UNGUARDED_AVAILABILITY = YES_AGGRESSIVE;
				CLANG_WARN_UNREACHABLE_CODE = YES;
				CLANG_WARN__DUPLICATE_METHOD_MATCH = YES;
				COPY_PHASE_STRIP = NO;
				DEBUG_INFORMATION_FORMAT = dwarf;
				ENABLE_STRICT_OBJC_MSGSEND = YES;
				ENABLE_TESTABILITY = YES;
				GCC_C_LANGUAGE_STANDARD = gnu11;
				GCC_DYNAMIC_NO_PIC = NO;
				GCC_NO_COMMON_BLOCKS = YES;
				GCC_OPTIMIZATION_LEVEL = 0;
				GCC_PREPROCESSOR_DEFINITIONS = (
					"DEBUG=1",
					"$(inherited)",
				);
				GCC_WARN_64_TO_32_BIT_CONVERSION = YES;
				GCC_WARN_ABOUT_RETURN_TYPE = YES_ERROR;
				GCC_WARN_UNDECLARED_SELECTOR = YES;
				GCC_WARN_UNINITIALIZED_AUTOS = YES_AGGRESSIVE;
				GCC_WARN_UNUSED_FUNCTION = YES;
				GCC_WARN_UNUSED_VARIABLE = YES;
				MACOSX_DEPLOYMENT_TARGET = 12.3;
				MTL_ENABLE_DEBUG_INFO = INCLUDE_SOURCE;
				MTL_FAST_MATH = YES;
				ONLY_ACTIVE_ARCH = YES;
				SDKROOT = macosx;
				SWIFT_ACTIVE_COMPILATION_CONDITIONS = DEBUG;
				SWIFT_OPTIMIZATION_LEVEL = "-Onone";
			};
			name = Debug;
		};
		9B135D212A04132400A86336 /* Release */ = {
			isa = XCBuildConfiguration;
			buildSettings = {
				ALWAYS_SEARCH_USER_PATHS = NO;
				CLANG_ANALYZER_NONNULL = YES;
				CLANG_ANALYZER_NUMBER_OBJECT_CONVERSION = YES_AGGRESSIVE;
				CLANG_CXX_LANGUAGE_STANDARD = "gnu++20";
				CLANG_ENABLE_MODULES = YES;
				CLANG_ENABLE_OBJC_ARC = YES;
				CLANG_ENABLE_OBJC_WEAK = YES;
				CLANG_WARN_BLOCK_CAPTURE_AUTORELEASING = YES;
				CLANG_WARN_BOOL_CONVERSION = YES;
				CLANG_WARN_COMMA = YES;
				CLANG_WARN_CONSTANT_CONVERSION = YES;
				CLANG_WARN_DEPRECATED_OBJC_IMPLEMENTATIONS = YES;
				CLANG_WARN_DIRECT_OBJC_ISA_USAGE = YES_ERROR;
				CLANG_WARN_DOCUMENTATION_COMMENTS = YES;
				CLANG_WARN_EMPTY_BODY = YES;
				CLANG_WARN_ENUM_CONVERSION = YES;
				CLANG_WARN_INFINITE_RECURSION = YES;
				CLANG_WARN_INT_CONVERSION = YES;
				CLANG_WARN_NON_LITERAL_NULL_CONVERSION = YES;
				CLANG_WARN_OBJC_IMPLICIT_RETAIN_SELF = YES;
				CLANG_WARN_OBJC_LITERAL_CONVERSION = YES;
				CLANG_WARN_OBJC_ROOT_CLASS = YES_ERROR;
				CLANG_WARN_QUOTED_INCLUDE_IN_FRAMEWORK_HEADER = YES;
				CLANG_WARN_RANGE_LOOP_ANALYSIS = YES;
				CLANG_WARN_STRICT_PROTOTYPES = YES;
				CLANG_WARN_SUSPICIOUS_MOVE = YES;
				CLANG_WARN_UNGUARDED_AVAILABILITY = YES_AGGRESSIVE;
				CLANG_WARN_UNREACHABLE_CODE = YES;
				CLANG_WARN__DUPLICATE_METHOD_MATCH = YES;
				COPY_PHASE_STRIP = NO;
				DEBUG_INFORMATION_FORMAT = "dwarf-with-dsym";
				ENABLE_NS_ASSERTIONS = NO;
				ENABLE_STRICT_OBJC_MSGSEND = YES;
				GCC_C_LANGUAGE_STANDARD = gnu11;
				GCC_NO_COMMON_BLOCKS = YES;
				GCC_WARN_64_TO_32_BIT_CONVERSION = YES;
				GCC_WARN_ABOUT_RETURN_TYPE = YES_ERROR;
				GCC_WARN_UNDECLARED_SELECTOR = YES;
				GCC_WARN_UNINITIALIZED_AUTOS = YES_AGGRESSIVE;
				GCC_WARN_UNUSED_FUNCTION = YES;
				GCC_WARN_UNUSED_VARIABLE = YES;
				MACOSX_DEPLOYMENT_TARGET = 12.3;
				MTL_ENABLE_DEBUG_INFO = NO;
				MTL_FAST_MATH = YES;
				SDKROOT = macosx;
				SWIFT_COMPILATION_MODE = wholemodule;
				SWIFT_OPTIMIZATION_LEVEL = "-O";
			};
			name = Release;
		};
		9B135D232A04132400A86336 /* Debug */ = {
			isa = XCBuildConfiguration;
			buildSettings = {
				ASSETCATALOG_COMPILER_APPICON_NAME = AppIcon;
				ASSETCATALOG_COMPILER_GLOBAL_ACCENT_COLOR_NAME = AccentColor;
				CODE_SIGN_ENTITLEMENTS = CodeNode/CodeNode.entitlements;
				CODE_SIGN_STYLE = Automatic;
				COMBINE_HIDPI_IMAGES = YES;
				CURRENT_PROJECT_VERSION = 1;
				DEVELOPMENT_ASSET_PATHS = "\"CodeNode/Preview Content\"";
				DEVELOPMENT_TEAM = 83N97B9S8K;
				ENABLE_HARDENED_RUNTIME = YES;
				ENABLE_PREVIEWS = YES;
				GENERATE_INFOPLIST_FILE = YES;
				INFOPLIST_KEY_NSHumanReadableCopyright = "";
				LD_RUNPATH_SEARCH_PATHS = (
					"$(inherited)",
					"@executable_path/../Frameworks",
				);
				MACOSX_DEPLOYMENT_TARGET = 12.3;
				MARKETING_VERSION = 1.0;
				PRODUCT_BUNDLE_IDENTIFIER = "FLUM-AVES.CodeNode";
				PRODUCT_NAME = "$(TARGET_NAME)";
				SWIFT_EMIT_LOC_STRINGS = YES;
				SWIFT_VERSION = 5.0;
			};
			name = Debug;
		};
		9B135D242A04132400A86336 /* Release */ = {
			isa = XCBuildConfiguration;
			buildSettings = {
				ASSETCATALOG_COMPILER_APPICON_NAME = AppIcon;
				ASSETCATALOG_COMPILER_GLOBAL_ACCENT_COLOR_NAME = AccentColor;
				CODE_SIGN_ENTITLEMENTS = CodeNode/CodeNode.entitlements;
				CODE_SIGN_STYLE = Automatic;
				COMBINE_HIDPI_IMAGES = YES;
				CURRENT_PROJECT_VERSION = 1;
				DEVELOPMENT_ASSET_PATHS = "\"CodeNode/Preview Content\"";
				DEVELOPMENT_TEAM = 83N97B9S8K;
				ENABLE_HARDENED_RUNTIME = YES;
				ENABLE_PREVIEWS = YES;
				GENERATE_INFOPLIST_FILE = YES;
				INFOPLIST_KEY_NSHumanReadableCopyright = "";
				LD_RUNPATH_SEARCH_PATHS = (
					"$(inherited)",
					"@executable_path/../Frameworks",
				);
				MACOSX_DEPLOYMENT_TARGET = 12.3;
				MARKETING_VERSION = 1.0;
				PRODUCT_BUNDLE_IDENTIFIER = "FLUM-AVES.CodeNode";
				PRODUCT_NAME = "$(TARGET_NAME)";
				SWIFT_EMIT_LOC_STRINGS = YES;
				SWIFT_VERSION = 5.0;
			};
			name = Release;
		};
/* End XCBuildConfiguration section */

/* Begin XCConfigurationList section */
		9B135D0E2A04132300A86336 /* Build configuration list for PBXProject "CodeNode" */ = {
			isa = XCConfigurationList;
			buildConfigurations = (
				9B135D202A04132400A86336 /* Debug */,
				9B135D212A04132400A86336 /* Release */,
			);
			defaultConfigurationIsVisible = 0;
			defaultConfigurationName = Release;
		};
		9B135D222A04132400A86336 /* Build configuration list for PBXNativeTarget "CodeNode" */ = {
			isa = XCConfigurationList;
			buildConfigurations = (
				9B135D232A04132400A86336 /* Debug */,
				9B135D242A04132400A86336 /* Release */,
			);
			defaultConfigurationIsVisible = 0;
			defaultConfigurationName = Release;
		};
/* End XCConfigurationList section */
	};
	rootObject = 9B135D0B2A04132300A86336 /* Project object */;
}
